
Microsoft Visual Studio Solution File, Format Version 12.00
# Visual Studio Version 17
VisualStudioVersion = 17.11.35312.102
MinimumVisualStudioVersion = 10.0.40219.1
Project("{FAE04EC0-301F-11D3-BF4B-00C04F79EFBC}") = "exercicio26", "exercicio26\exercicio26.csproj", "{27D7AC09-675D-4BDD-8AFC-95894B10168A}"
EndProject
Global
	GlobalSection(SolutionConfigurationPlatforms) = preSolution
		Debug|Any CPU = Debug|Any CPU
		Release|Any CPU = Release|Any CPU
	EndGlobalSection
	GlobalSection(ProjectConfigurationPlatforms) = postSolution
		{27D7AC09-675D-4BDD-8AFC-95894B10168A}.Debug|Any CPU.ActiveCfg = Debug|Any CPU
		{27D7AC09-675D-4BDD-8AFC-95894B10168A}.Debug|Any CPU.Build.0 = Debug|Any CPU
		{27D7AC09-675D-4BDD-8AFC-95894B10168A}.Release|Any CPU.ActiveCfg = Release|Any CPU
		{27D7AC09-675D-4BDD-8AFC-95894B10168A}.Release|Any CPU.Build.0 = Release|Any CPU
	EndGlobalSection
	GlobalSection(SolutionProperties) = preSolution
		HideSolutionNode = FALSE
	EndGlobalSection
	GlobalSection(ExtensibilityGlobals) = postSolution
		SolutionGuid = {B00D42A6-D14E-41F4-9D28-A1AC8601D26F}
	EndGlobalSection
EndGlobal
