
Microsoft Visual Studio Solution File, Format Version 12.00
# Visual Studio Version 17
VisualStudioVersion = 17.11.35312.102
MinimumVisualStudioVersion = 10.0.40219.1
Project("{FAE04EC0-301F-11D3-BF4B-00C04F79EFBC}") = "exercicio25", "exercicio25\exercicio25.csproj", "{CC08A8DC-7652-4B89-89AB-BB32E169A138}"
EndProject
Global
	GlobalSection(SolutionConfigurationPlatforms) = preSolution
		Debug|Any CPU = Debug|Any CPU
		Release|Any CPU = Release|Any CPU
	EndGlobalSection
	GlobalSection(ProjectConfigurationPlatforms) = postSolution
		{CC08A8DC-7652-4B89-89AB-BB32E169A138}.Debug|Any CPU.ActiveCfg = Debug|Any CPU
		{CC08A8DC-7652-4B89-89AB-BB32E169A138}.Debug|Any CPU.Build.0 = Debug|Any CPU
		{CC08A8DC-7652-4B89-89AB-BB32E169A138}.Release|Any CPU.ActiveCfg = Release|Any CPU
		{CC08A8DC-7652-4B89-89AB-BB32E169A138}.Release|Any CPU.Build.0 = Release|Any CPU
	EndGlobalSection
	GlobalSection(SolutionProperties) = preSolution
		HideSolutionNode = FALSE
	EndGlobalSection
	GlobalSection(ExtensibilityGlobals) = postSolution
		SolutionGuid = {873662B8-D3E2-48C6-BE64-DEF5F8712ED7}
	EndGlobalSection
EndGlobal
