
Microsoft Visual Studio Solution File, Format Version 12.00
# Visual Studio Version 17
VisualStudioVersion = 17.11.35312.102
MinimumVisualStudioVersion = 10.0.40219.1
Project("{FAE04EC0-301F-11D3-BF4B-00C04F79EFBC}") = "exercicios24", "exercicios24\exercicios24.csproj", "{AA3E7149-4AB1-4843-8D14-C279C75B029C}"
EndProject
Global
	GlobalSection(SolutionConfigurationPlatforms) = preSolution
		Debug|Any CPU = Debug|Any CPU
		Release|Any CPU = Release|Any CPU
	EndGlobalSection
	GlobalSection(ProjectConfigurationPlatforms) = postSolution
		{AA3E7149-4AB1-4843-8D14-C279C75B029C}.Debug|Any CPU.ActiveCfg = Debug|Any CPU
		{AA3E7149-4AB1-4843-8D14-C279C75B029C}.Debug|Any CPU.Build.0 = Debug|Any CPU
		{AA3E7149-4AB1-4843-8D14-C279C75B029C}.Release|Any CPU.ActiveCfg = Release|Any CPU
		{AA3E7149-4AB1-4843-8D14-C279C75B029C}.Release|Any CPU.Build.0 = Release|Any CPU
	EndGlobalSection
	GlobalSection(SolutionProperties) = preSolution
		HideSolutionNode = FALSE
	EndGlobalSection
	GlobalSection(ExtensibilityGlobals) = postSolution
		SolutionGuid = {3C63BBCE-D576-41F2-B294-9F97956DAF1B}
	EndGlobalSection
EndGlobal
